
Microsoft Visual Studio Solution File, Format Version 12.00
# Visual Studio 15
Project("{FAE04EC0-301F-11D3-BF4B-00C04F79EFBC}") = "Imma AR app", "Imma AR app.csproj", "{F9E6CD8C-6E70-00DB-4011-FD789D185563}"
EndProject
Project("{FAE04EC0-301F-11D3-BF4B-00C04F79EFBC}") = "Imma AR app.Editor", "Imma AR app.Editor.csproj", "{453B045C-598A-BD21-D796-2B207B54B87C}"
EndProject
Global
	GlobalSection(SolutionConfigurationPlatforms) = preSolution
		Debug|Any CPU = Debug|Any CPU
		Release|Any CPU = Release|Any CPU
	EndGlobalSection
	GlobalSection(ProjectConfigurationPlatforms) = postSolution
		{F9E6CD8C-6E70-00DB-4011-FD789D185563}.Debug|Any CPU.ActiveCfg = Debug|Any CPU
		{F9E6CD8C-6E70-00DB-4011-FD789D185563}.Debug|Any CPU.Build.0 = Debug|Any CPU
		{F9E6CD8C-6E70-00DB-4011-FD789D185563}.Release|Any CPU.ActiveCfg = Release|Any CPU
		{F9E6CD8C-6E70-00DB-4011-FD789D185563}.Release|Any CPU.Build.0 = Release|Any CPU
		{453B045C-598A-BD21-D796-2B207B54B87C}.Debug|Any CPU.ActiveCfg = Debug|Any CPU
		{453B045C-598A-BD21-D796-2B207B54B87C}.Debug|Any CPU.Build.0 = Debug|Any CPU
		{453B045C-598A-BD21-D796-2B207B54B87C}.Release|Any CPU.ActiveCfg = Release|Any CPU
		{453B045C-598A-BD21-D796-2B207B54B87C}.Release|Any CPU.Build.0 = Release|Any CPU
	EndGlobalSection
	GlobalSection(SolutionProperties) = preSolution
		HideSolutionNode = FALSE
	EndGlobalSection
EndGlobal
